github.com/ijustfool/docker-secrets v0.0.0-20191021062307-b25ea5007562/go.mod h1:Y7sfMPseINeLXpzmLeRxHD2rdekjyjl91m0T+DC1UCM=
github.com/kwitsch/go-env_wrapper v1.0.3 h1:I/n0AgYvE733vu5vHQ00tKKjy1QNtX1s5i2MZoDtDPA=
github.com/kwitsch/go-env_wrapper v1.0.3/go.mod h1:3mi6NzVtePqlo06rVFqJvFkBZtnHmRJ/mG/I//dYKC0=
github.com/mitchellh/mapstructure v1.1.2/go.mod h1:FVVH3fgwuzCH5S8UJGiWEs2h04kUh9fWfEaFds41c1Y=
github.com/yosuke-furukawa/json5 v0.1.1/go.mod h1:sw49aWDqNdRJ6DYUtIQiaA3xyj2IL9tjeNYmX2ixwcU=
